dependencies:
  espressif/cmake_utilities:
    component_hash: 05165f30922b422b4b90c08845e6d449329b97370fbd06309803d8cb539d79e3
    dependencies:
    - name: idf
      require: private
      version: '>=4.1'
    source:
      registry_url: https://components.espressif.com
      type: service
    version: 1.1.1
  espressif/esp-dsp:
    component_hash: 939e9c053487d6e7b7320a5cb761b2200e4b331730d6721668755ef76ab9f067
    dependencies:
    - name: idf
      require: private
      version: '>=4.2'
    source:
      registry_url: https://components.espressif.com/
      type: service
    version: 1.7.1
  espressif/tinyusb:
    component_hash: 7f73a4159dc95325ceaa4ade5e88734c4e1f5124746a3765cf61dc6157d78798
    dependencies:
    - name: idf
      require: private
      version: '>=5.0'
    source:
      registry_url: https://components.espressif.com
      type: service
    targets:
    - esp32s2
    - esp32s3
    - esp32p4
    version: 0.17.0~2
  espressif/usb_device_uac:
    component_hash: 82945e531acffb895e886d4b417d250ce8c0d331204b2a5518e21a7f727e6340
    dependencies:
    - name: espressif/cmake_utilities
      registry_url: https://components.espressif.com
      require: private
      version: '*'
    - name: espressif/tinyusb
      registry_url: https://components.espressif.com
      require: private
      version: ^0.17.0~2
    - name: idf
      require: private
      version: '>=5.0'
    source:
      registry_url: https://components.espressif.com/
      type: service
    targets:
    - esp32s2
    - esp32s3
    - esp32p4
    version: 1.2.3
  idf:
    source:
      type: idf
    version: 5.5.2
  mateusglucas/wave:
    component_hash: f5654aa29e49ddce8f086119939b25ab1eb1455be2752377052cff68d07935fb
    dependencies:
    - name: idf
      require: private
      version: '*'
    source:
      registry_url: https://components.espressif.com/
      type: service
    version: 1.0.1
direct_dependencies:
- espressif/esp-dsp
- espressif/usb_device_uac
- idf
- mateusglucas/wave
manifest_hash: f787fcd42106c59e0a94c0967eb9c5fc005c44692926a83d26560ffba2c286b1
target: esp32s3
version: 2.0.0
